{
  "name": "qoutable",
  "lockfileVersion": 3,
  "requires": true,
  "packages": {
    "": {
      "dependencies": {
        "@firecms/neat": "^1.0.2"
      }
    },
    "node_modules/@firecms/neat": {
      "version": "1.0.2",
      "resolved": "https://registry.npmjs.org/@firecms/neat/-/neat-1.0.2.tgz",
      "integrity": "sha512-hP9Qqz3mPEgwMKOZygjkFMqDyKjrQwuSYt352+QJfg1SfAlGOfHzpQSeIAgeeLmdtSjE45zekBpnJPgtRhxclA==",
      "license": "SEE LICENSE IN LICENSE"
    }
  }
}
